
Microsoft Visual Studio Solution File, Format Version 12.00
# Visual Studio 2012
Project("{FAE04EC0-301F-11D3-BF4B-00C04F79EFBC}") = "Minesweeper", "Minesweeper\Minesweeper.csproj", "{F3004F70-495B-4F05-B190-4D3E3F7338F6}"
EndProject
Global
	GlobalSection(SolutionConfigurationPlatforms) = preSolution
		Debug|Any CPU = Debug|Any CPU
		Release|Any CPU = Release|Any CPU
	EndGlobalSection
	GlobalSection(ProjectConfigurationPlatforms) = postSolution
		{F3004F70-495B-4F05-B190-4D3E3F7338F6}.Debug|Any CPU.ActiveCfg = Debug|Any CPU
		{F3004F70-495B-4F05-B190-4D3E3F7338F6}.Debug|Any CPU.Build.0 = Debug|Any CPU
		{F3004F70-495B-4F05-B190-4D3E3F7338F6}.Release|Any CPU.ActiveCfg = Release|Any CPU
		{F3004F70-495B-4F05-B190-4D3E3F7338F6}.Release|Any CPU.Build.0 = Release|Any CPU
	EndGlobalSection
	GlobalSection(SolutionProperties) = preSolution
		HideSolutionNode = FALSE
	EndGlobalSection
EndGlobal
